
Microsoft Visual Studio Solution File, Format Version 12.00
# Visual Studio 15
VisualStudioVersion = 15.0.27130.2027
MinimumVisualStudioVersion = 10.0.40219.1
Project("{FAE04EC0-301F-11D3-BF4B-00C04F79EFBC}") = "Algorithms", "Algorithms\Algorithms.csproj", "{1008D59F-BAA6-43D0-8CDA-CD6983673891}"
EndProject
Global
	GlobalSection(SolutionConfigurationPlatforms) = preSolution
		Debug|Any CPU = Debug|Any CPU
		Release|Any CPU = Release|Any CPU
	EndGlobalSection
	GlobalSection(ProjectConfigurationPlatforms) = postSolution
		{1008D59F-BAA6-43D0-8CDA-CD6983673891}.Debug|Any CPU.ActiveCfg = Debug|Any CPU
		{1008D59F-BAA6-43D0-8CDA-CD6983673891}.Debug|Any CPU.Build.0 = Debug|Any CPU
		{1008D59F-BAA6-43D0-8CDA-CD6983673891}.Release|Any CPU.ActiveCfg = Release|Any CPU
		{1008D59F-BAA6-43D0-8CDA-CD6983673891}.Release|Any CPU.Build.0 = Release|Any CPU
	EndGlobalSection
	GlobalSection(SolutionProperties) = preSolution
		HideSolutionNode = FALSE
	EndGlobalSection
	GlobalSection(ExtensibilityGlobals) = postSolution
		SolutionGuid = {27B68E1E-8CE1-482C-A64D-F15C69F8911A}
	EndGlobalSection
EndGlobal
